// !$*UTF8*$!
{
	archiveVersion = 1;
	classes = {
	};
	objectVersion = 46;
	objects = {

/* Begin PBXBuildFile section */
		4996478B1E9F1E990035477A /* FilterViewController.swift in Sources */ = {isa = PBXBuildFile; fileRef = 4996478A1E9F1E990035477A /* FilterViewController.swift */; };
		4996478D1E9F1F6D0035477A /* Filters.storyboard in Resources */ = {isa = PBXBuildFile; fileRef = 4996478C1E9F1F6D0035477A /* Filters.storyboard */; };
		49B40A6B1EBD62E700FBB7E8 /* Keys.plist in Resources */ = {isa = PBXBuildFile; fileRef = 49B40A6A1EBD62E700FBB7E8 /* Keys.plist */; };
		4E122B271E8A0474001D276E /* AddIngredientsCollectionCell.swift in Sources */ = {isa = PBXBuildFile; fileRef = 4E122B261E8A0474001D276E /* AddIngredientsCollectionCell.swift */; };
		4E122B291E8B0A0E001D276E /* Constants.swift in Sources */ = {isa = PBXBuildFile; fileRef = 4E122B281E8B0A0E001D276E /* Constants.swift */; };
		4E1276E81E80A740005A9A67 /* AddIngredients.storyboard in Resources */ = {isa = PBXBuildFile; fileRef = 4E1276E71E80A740005A9A67 /* AddIngredients.storyboard */; };
		4E1276EA1E80A774005A9A67 /* CategoryView.storyboard in Resources */ = {isa = PBXBuildFile; fileRef = 4E1276E91E80A774005A9A67 /* CategoryView.storyboard */; };
		4E1276EC1E80A798005A9A67 /* IngredientSearchView.storyboard in Resources */ = {isa = PBXBuildFile; fileRef = 4E1276EB1E80A798005A9A67 /* IngredientSearchView.storyboard */; };
		4E1276EE1E80A7BA005A9A67 /* CartView.storyboard in Resources */ = {isa = PBXBuildFile; fileRef = 4E1276ED1E80A7BA005A9A67 /* CartView.storyboard */; };
		4E1276F01E80A7FC005A9A67 /* RecipeSearchView.storyboard in Resources */ = {isa = PBXBuildFile; fileRef = 4E1276EF1E80A7FC005A9A67 /* RecipeSearchView.storyboard */; };
		4E1276F21E80A815005A9A67 /* RecipeDetailView.storyboard in Resources */ = {isa = PBXBuildFile; fileRef = 4E1276F11E80A815005A9A67 /* RecipeDetailView.storyboard */; };
		4E1276F41E80A866005A9A67 /* AddIngredientsVC.swift in Sources */ = {isa = PBXBuildFile; fileRef = 4E1276F31E80A866005A9A67 /* AddIngredientsVC.swift */; };
		4E1276F61E80A882005A9A67 /* CategoryVC.swift in Sources */ = {isa = PBXBuildFile; fileRef = 4E1276F51E80A882005A9A67 /* CategoryVC.swift */; };
		4E1276F81E80A8A2005A9A67 /* IngredientSearchVC.swift in Sources */ = {isa = PBXBuildFile; fileRef = 4E1276F71E80A8A2005A9A67 /* IngredientSearchVC.swift */; };
		4E1276FA1E80A8B3005A9A67 /* CartVC.swift in Sources */ = {isa = PBXBuildFile; fileRef = 4E1276F91E80A8B3005A9A67 /* CartVC.swift */; };
		4E1276FC1E80A8C4005A9A67 /* RecipeSearchVC.swift in Sources */ = {isa = PBXBuildFile; fileRef = 4E1276FB1E80A8C4005A9A67 /* RecipeSearchVC.swift */; };
		4E1276FE1E80A8D5005A9A67 /* RecipeDetailVC.swift in Sources */ = {isa = PBXBuildFile; fileRef = 4E1276FD1E80A8D5005A9A67 /* RecipeDetailVC.swift */; };
		4ED4CFF31E8EEA7C00DF049D /* RecipeSearchTableViewCell.swift in Sources */ = {isa = PBXBuildFile; fileRef = 4ED4CFF21E8EEA7C00DF049D /* RecipeSearchTableViewCell.swift */; };
		8C5441B53FCF7633B3FBE6C9 /* Pods_FurryAdventure.framework in Frameworks */ = {isa = PBXBuildFile; fileRef = 77679449BCF0004588FD9224 /* Pods_FurryAdventure.framework */; };
		D9A4CAA61E89CBC1007CA88C /* YummlyApiClient.swift in Sources */ = {isa = PBXBuildFile; fileRef = D9A4CAA51E89CBC1007CA88C /* YummlyApiClient.swift */; };
		D9A4CAA81E89D07D007CA88C /* Ingredient.swift in Sources */ = {isa = PBXBuildFile; fileRef = D9A4CAA71E89D07D007CA88C /* Ingredient.swift */; };
		D9A4CAAA1E89D2B8007CA88C /* SpoonacularApiClient.swift in Sources */ = {isa = PBXBuildFile; fileRef = D9A4CAA91E89D2B8007CA88C /* SpoonacularApiClient.swift */; };
		D9A4CAAC1E89DDA4007CA88C /* EdamamApiClient.swift in Sources */ = {isa = PBXBuildFile; fileRef = D9A4CAAB1E89DDA4007CA88C /* EdamamApiClient.swift */; };
		D9C3D8901E862BF300BB1A8F /* RecipeApiClient.swift in Sources */ = {isa = PBXBuildFile; fileRef = D9C3D88F1E862BF300BB1A8F /* RecipeApiClient.swift */; };
		D9C3D8941E862C7400BB1A8F /* Recipe.swift in Sources */ = {isa = PBXBuildFile; fileRef = D9C3D8931E862C7400BB1A8F /* Recipe.swift */; };
		D9DC10021E67D59200CF4633 /* AppDelegate.swift in Sources */ = {isa = PBXBuildFile; fileRef = D9DC10011E67D59200CF4633 /* AppDelegate.swift */; };
		D9DC10041E67D59200CF4633 /* ViewController.swift in Sources */ = {isa = PBXBuildFile; fileRef = D9DC10031E67D59200CF4633 /* ViewController.swift */; };
		D9DC10071E67D59200CF4633 /* Main.storyboard in Resources */ = {isa = PBXBuildFile; fileRef = D9DC10051E67D59200CF4633 /* Main.storyboard */; };
		D9DC10091E67D59200CF4633 /* Assets.xcassets in Resources */ = {isa = PBXBuildFile; fileRef = D9DC10081E67D59200CF4633 /* Assets.xcassets */; };
		D9DC100C1E67D59200CF4633 /* LaunchScreen.storyboard in Resources */ = {isa = PBXBuildFile; fileRef = D9DC100A1E67D59200CF4633 /* LaunchScreen.storyboard */; };
/* End PBXBuildFile section */

/* Begin PBXFileReference section */
		4996478A1E9F1E990035477A /* FilterViewController.swift */ = {isa = PBXFileReference; fileEncoding = 4; lastKnownFileType = sourcecode.swift; path = FilterViewController.swift; sourceTree = "<group>"; };
		4996478C1E9F1F6D0035477A /* Filters.storyboard */ = {isa = PBXFileReference; fileEncoding = 4; lastKnownFileType = file.storyboard; path = Filters.storyboard; sourceTree = "<group>"; };
		49B40A6A1EBD62E700FBB7E8 /* Keys.plist */ = {isa = PBXFileReference; fileEncoding = 4; lastKnownFileType = text.plist.xml; name = Keys.plist; path = ../../../../Downloads/Keys.plist; sourceTree = "<group>"; };
		4E122B261E8A0474001D276E /* AddIngredientsCollectionCell.swift */ = {isa = PBXFileReference; fileEncoding = 4; lastKnownFileType = sourcecode.swift; name = AddIngredientsCollectionCell.swift; path = View/AddIngredientsCollectionCell.swift; sourceTree = "<group>"; };
		4E122B281E8B0A0E001D276E /* Constants.swift */ = {isa = PBXFileReference; fileEncoding = 4; lastKnownFileType = sourcecode.swift; path = Constants.swift; sourceTree = "<group>"; };
		4E1276E71E80A740005A9A67 /* AddIngredients.storyboard */ = {isa = PBXFileReference; fileEncoding = 4; lastKnownFileType = file.storyboard; path = AddIngredients.storyboard; sourceTree = "<group>"; };
		4E1276E91E80A774005A9A67 /* CategoryView.storyboard */ = {isa = PBXFileReference; fileEncoding = 4; lastKnownFileType = file.storyboard; path = CategoryView.storyboard; sourceTree = "<group>"; };
		4E1276EB1E80A798005A9A67 /* IngredientSearchView.storyboard */ = {isa = PBXFileReference; fileEncoding = 4; lastKnownFileType = file.storyboard; path = IngredientSearchView.storyboard; sourceTree = "<group>"; };
		4E1276ED1E80A7BA005A9A67 /* CartView.storyboard */ = {isa = PBXFileReference; fileEncoding = 4; lastKnownFileType = file.storyboard; path = CartView.storyboard; sourceTree = "<group>"; };
		4E1276EF1E80A7FC005A9A67 /* RecipeSearchView.storyboard */ = {isa = PBXFileReference; fileEncoding = 4; lastKnownFileType = file.storyboard; path = RecipeSearchView.storyboard; sourceTree = "<group>"; };
		4E1276F11E80A815005A9A67 /* RecipeDetailView.storyboard */ = {isa = PBXFileReference; fileEncoding = 4; lastKnownFileType = file.storyboard; path = RecipeDetailView.storyboard; sourceTree = "<group>"; };
		4E1276F31E80A866005A9A67 /* AddIngredientsVC.swift */ = {isa = PBXFileReference; fileEncoding = 4; lastKnownFileType = sourcecode.swift; path = AddIngredientsVC.swift; sourceTree = "<group>"; };
		4E1276F51E80A882005A9A67 /* CategoryVC.swift */ = {isa = PBXFileReference; fileEncoding = 4; lastKnownFileType = sourcecode.swift; path = CategoryVC.swift; sourceTree = "<group>"; };
		4E1276F71E80A8A2005A9A67 /* IngredientSearchVC.swift */ = {isa = PBXFileReference; fileEncoding = 4; lastKnownFileType = sourcecode.swift; path = IngredientSearchVC.swift; sourceTree = "<group>"; };
		4E1276F91E80A8B3005A9A67 /* CartVC.swift */ = {isa = PBXFileReference; fileEncoding = 4; lastKnownFileType = sourcecode.swift; path = CartVC.swift; sourceTree = "<group>"; };
		4E1276FB1E80A8C4005A9A67 /* RecipeSearchVC.swift */ = {isa = PBXFileReference; fileEncoding = 4; lastKnownFileType = sourcecode.swift; path = RecipeSearchVC.swift; sourceTree = "<group>"; };
		4E1276FD1E80A8D5005A9A67 /* RecipeDetailVC.swift */ = {isa = PBXFileReference; fileEncoding = 4; lastKnownFileType = sourcecode.swift; path = RecipeDetailVC.swift; sourceTree = "<group>"; };
		4ED4CFF21E8EEA7C00DF049D /* RecipeSearchTableViewCell.swift */ = {isa = PBXFileReference; fileEncoding = 4; lastKnownFileType = sourcecode.swift; path = RecipeSearchTableViewCell.swift; sourceTree = "<group>"; };
		77679449BCF0004588FD9224 /* Pods_FurryAdventure.framework */ = {isa = PBXFileReference; explicitFileType = wrapper.framework; includeInIndex = 0; path = Pods_FurryAdventure.framework; sourceTree = BUILT_PRODUCTS_DIR; };
		A2784261E27640CDB0F78BE0 /* Pods-FurryAdventure.debug.xcconfig */ = {isa = PBXFileReference; includeInIndex = 1; lastKnownFileType = text.xcconfig; name = "Pods-FurryAdventure.debug.xcconfig"; path = "Pods/Target Support Files/Pods-FurryAdventure/Pods-FurryAdventure.debug.xcconfig"; sourceTree = "<group>"; };
		BA60C853208D31F52991CCFF /* Pods-FurryAdventure.release.xcconfig */ = {isa = PBXFileReference; includeInIndex = 1; lastKnownFileType = text.xcconfig; name = "Pods-FurryAdventure.release.xcconfig"; path = "Pods/Target Support Files/Pods-FurryAdventure/Pods-FurryAdventure.release.xcconfig"; sourceTree = "<group>"; };
		D9A4CAA51E89CBC1007CA88C /* YummlyApiClient.swift */ = {isa = PBXFileReference; fileEncoding = 4; lastKnownFileType = sourcecode.swift; path = YummlyApiClient.swift; sourceTree = "<group>"; };
		D9A4CAA71E89D07D007CA88C /* Ingredient.swift */ = {isa = PBXFileReference; fileEncoding = 4; lastKnownFileType = sourcecode.swift; path = Ingredient.swift; sourceTree = "<group>"; };
		D9A4CAA91E89D2B8007CA88C /* SpoonacularApiClient.swift */ = {isa = PBXFileReference; fileEncoding = 4; lastKnownFileType = sourcecode.swift; path = SpoonacularApiClient.swift; sourceTree = "<group>"; };
		D9A4CAAB1E89DDA4007CA88C /* EdamamApiClient.swift */ = {isa = PBXFileReference; fileEncoding = 4; lastKnownFileType = sourcecode.swift; path = EdamamApiClient.swift; sourceTree = "<group>"; };
		D9C3D88F1E862BF300BB1A8F /* RecipeApiClient.swift */ = {isa = PBXFileReference; fileEncoding = 4; lastKnownFileType = sourcecode.swift; path = RecipeApiClient.swift; sourceTree = "<group>"; };
		D9C3D8931E862C7400BB1A8F /* Recipe.swift */ = {isa = PBXFileReference; fileEncoding = 4; lastKnownFileType = sourcecode.swift; path = Recipe.swift; sourceTree = "<group>"; };
		D9DC0FFE1E67D59200CF4633 /* FurryAdventure.app */ = {isa = PBXFileReference; explicitFileType = wrapper.application; includeInIndex = 0; path = FurryAdventure.app; sourceTree = BUILT_PRODUCTS_DIR; };
		D9DC10011E67D59200CF4633 /* AppDelegate.swift */ = {isa = PBXFileReference; lastKnownFileType = sourcecode.swift; path = AppDelegate.swift; sourceTree = "<group>"; };
		D9DC10031E67D59200CF4633 /* ViewController.swift */ = {isa = PBXFileReference; lastKnownFileType = sourcecode.swift; path = ViewController.swift; sourceTree = "<group>"; };
		D9DC10061E67D59200CF4633 /* Base */ = {isa = PBXFileReference; lastKnownFileType = file.storyboard; name = Base; path = Base.lproj/Main.storyboard; sourceTree = "<group>"; };
		D9DC10081E67D59200CF4633 /* Assets.xcassets */ = {isa = PBXFileReference; lastKnownFileType = folder.assetcatalog; path = Assets.xcassets; sourceTree = "<group>"; };
		D9DC100B1E67D59200CF4633 /* Base */ = {isa = PBXFileReference; lastKnownFileType = file.storyboard; name = Base; path = Base.lproj/LaunchScreen.storyboard; sourceTree = "<group>"; };
		D9DC100D1E67D59200CF4633 /* Info.plist */ = {isa = PBXFileReference; lastKnownFileType = text.plist.xml; path = Info.plist; sourceTree = "<group>"; };
/* End PBXFileReference section */

/* Begin PBXFrameworksBuildPhase section */
		D9DC0FFB1E67D59100CF4633 /* Frameworks */ = {
			isa = PBXFrameworksBuildPhase;
			buildActionMask = 2147483647;
			files = (
				8C5441B53FCF7633B3FBE6C9 /* Pods_FurryAdventure.framework in Frameworks */,
			);
			runOnlyForDeploymentPostprocessing = 0;
		};
/* End PBXFrameworksBuildPhase section */

/* Begin PBXGroup section */
		0FADD5903FFDE2DDC1B1D362 /* Pods */ = {
			isa = PBXGroup;
			children = (
				A2784261E27640CDB0F78BE0 /* Pods-FurryAdventure.debug.xcconfig */,
				BA60C853208D31F52991CCFF /* Pods-FurryAdventure.release.xcconfig */,
			);
			name = Pods;
			sourceTree = "<group>";
		};
		4E122B251E8A0412001D276E /* View */ = {
			isa = PBXGroup;
			children = (
				4E122B261E8A0474001D276E /* AddIngredientsCollectionCell.swift */,
				4ED4CFF21E8EEA7C00DF049D /* RecipeSearchTableViewCell.swift */,
			);
			name = View;
			sourceTree = "<group>";
		};
		4E1276E21E80A5BC005A9A67 /* Model */ = {
			isa = PBXGroup;
			children = (
				D9C3D8931E862C7400BB1A8F /* Recipe.swift */,
				D9A4CAA71E89D07D007CA88C /* Ingredient.swift */,
			);
			path = Model;
			sourceTree = "<group>";
		};
		4E1276E41E80A5C7005A9A67 /* Controller */ = {
			isa = PBXGroup;
			children = (
				D9DC10031E67D59200CF4633 /* ViewController.swift */,
				4E1276F31E80A866005A9A67 /* AddIngredientsVC.swift */,
				4E1276F51E80A882005A9A67 /* CategoryVC.swift */,
				4E1276F71E80A8A2005A9A67 /* IngredientSearchVC.swift */,
				4E1276F91E80A8B3005A9A67 /* CartVC.swift */,
				4E1276FB1E80A8C4005A9A67 /* RecipeSearchVC.swift */,
				4E1276FD1E80A8D5005A9A67 /* RecipeDetailVC.swift */,
				4996478A1E9F1E990035477A /* FilterViewController.swift */,
			);
			path = Controller;
			sourceTree = "<group>";
		};
		4E1276E51E80A5CD005A9A67 /* API */ = {
			isa = PBXGroup;
			children = (
				D9C3D88F1E862BF300BB1A8F /* RecipeApiClient.swift */,
				D9A4CAAB1E89DDA4007CA88C /* EdamamApiClient.swift */,
				D9A4CAA91E89D2B8007CA88C /* SpoonacularApiClient.swift */,
				D9A4CAA51E89CBC1007CA88C /* YummlyApiClient.swift */,
			);
			path = API;
			sourceTree = "<group>";
		};
		4E1276E61E80A5D2005A9A67 /* Storyboard */ = {
			isa = PBXGroup;
			children = (
				D9DC100A1E67D59200CF4633 /* LaunchScreen.storyboard */,
				D9DC10051E67D59200CF4633 /* Main.storyboard */,
				4E1276E71E80A740005A9A67 /* AddIngredients.storyboard */,
				4E1276E91E80A774005A9A67 /* CategoryView.storyboard */,
				4E1276EB1E80A798005A9A67 /* IngredientSearchView.storyboard */,
				4E1276ED1E80A7BA005A9A67 /* CartView.storyboard */,
				4E1276EF1E80A7FC005A9A67 /* RecipeSearchView.storyboard */,
				4E1276F11E80A815005A9A67 /* RecipeDetailView.storyboard */,
				4996478C1E9F1F6D0035477A /* Filters.storyboard */,
			);
			path = Storyboard;
			sourceTree = "<group>";
		};
		69AB50CAD82C699D3E177C8A /* Frameworks */ = {
			isa = PBXGroup;
			children = (
				77679449BCF0004588FD9224 /* Pods_FurryAdventure.framework */,
			);
			name = Frameworks;
			sourceTree = "<group>";
		};
		D9DC0FF51E67D59100CF4633 = {
			isa = PBXGroup;
			children = (
				D9DC10001E67D59200CF4633 /* FurryAdventure */,
				D9DC0FFF1E67D59200CF4633 /* Products */,
				0FADD5903FFDE2DDC1B1D362 /* Pods */,
				69AB50CAD82C699D3E177C8A /* Frameworks */,
			);
			sourceTree = "<group>";
		};
		D9DC0FFF1E67D59200CF4633 /* Products */ = {
			isa = PBXGroup;
			children = (
				D9DC0FFE1E67D59200CF4633 /* FurryAdventure.app */,
			);
			name = Products;
			sourceTree = "<group>";
		};
		D9DC10001E67D59200CF4633 /* FurryAdventure */ = {
			isa = PBXGroup;
			children = (
				4E122B251E8A0412001D276E /* View */,
				4E1276E51E80A5CD005A9A67 /* API */,
				4E1276E21E80A5BC005A9A67 /* Model */,
				4E1276E41E80A5C7005A9A67 /* Controller */,
				4E1276E61E80A5D2005A9A67 /* Storyboard */,
				D9DC10011E67D59200CF4633 /* AppDelegate.swift */,
				D9DC10081E67D59200CF4633 /* Assets.xcassets */,
				D9DC100D1E67D59200CF4633 /* Info.plist */,
				4E122B281E8B0A0E001D276E /* Constants.swift */,
				49B40A6A1EBD62E700FBB7E8 /* Keys.plist */,
			);
			path = FurryAdventure;
			sourceTree = "<group>";
		};
/* End PBXGroup section */

/* Begin PBXNativeTarget section */
		D9DC0FFD1E67D59100CF4633 /* FurryAdventure */ = {
			isa = PBXNativeTarget;
			buildConfigurationList = D9DC10101E67D59200CF4633 /* Build configuration list for PBXNativeTarget "FurryAdventure" */;
			buildPhases = (
				D2D852B419B00EE0C2310F26 /* [CP] Check Pods Manifest.lock */,
				D9DC0FFA1E67D59100CF4633 /* Sources */,
				D9DC0FFB1E67D59100CF4633 /* Frameworks */,
				D9DC0FFC1E67D59100CF4633 /* Resources */,
				285CFC5C2D712F02952D0404 /* [CP] Embed Pods Frameworks */,
				F03A5BC9C8947FFA2E1807FA /* [CP] Copy Pods Resources */,
			);
			buildRules = (
			);
			dependencies = (
			);
			name = FurryAdventure;
			productName = FurryAdventure;
			productReference = D9DC0FFE1E67D59200CF4633 /* FurryAdventure.app */;
			productType = "com.apple.product-type.application";
		};
/* End PBXNativeTarget section */

/* Begin PBXProject section */
		D9DC0FF61E67D59100CF4633 /* Project object */ = {
			isa = PBXProject;
			attributes = {
				LastSwiftUpdateCheck = 0820;
				LastUpgradeCheck = 0820;
				ORGANIZATIONNAME = "Sticky Gerbils";
				TargetAttributes = {
					D9DC0FFD1E67D59100CF4633 = {
						CreatedOnToolsVersion = 8.2.1;
						DevelopmentTeam = GX7AQ33259;
						ProvisioningStyle = Automatic;
					};
				};
			};
			buildConfigurationList = D9DC0FF91E67D59100CF4633 /* Build configuration list for PBXProject "FurryAdventure" */;
			compatibilityVersion = "Xcode 3.2";
			developmentRegion = English;
			hasScannedForEncodings = 0;
			knownRegions = (
				en,
				Base,
			);
			mainGroup = D9DC0FF51E67D59100CF4633;
			productRefGroup = D9DC0FFF1E67D59200CF4633 /* Products */;
			projectDirPath = "";
			projectRoot = "";
			targets = (
				D9DC0FFD1E67D59100CF4633 /* FurryAdventure */,
			);
		};
/* End PBXProject section */

/* Begin PBXResourcesBuildPhase section */
		D9DC0FFC1E67D59100CF4633 /* Resources */ = {
			isa = PBXResourcesBuildPhase;
			buildActionMask = 2147483647;
			files = (
				49B40A6B1EBD62E700FBB7E8 /* Keys.plist in Resources */,
				4E1276EC1E80A798005A9A67 /* IngredientSearchView.storyboard in Resources */,
				4E1276EE1E80A7BA005A9A67 /* CartView.storyboard in Resources */,
				D9DC100C1E67D59200CF4633 /* LaunchScreen.storyboard in Resources */,
				4E1276F01E80A7FC005A9A67 /* RecipeSearchView.storyboard in Resources */,
				4E1276E81E80A740005A9A67 /* AddIngredients.storyboard in Resources */,
				4996478D1E9F1F6D0035477A /* Filters.storyboard in Resources */,
				4E1276F21E80A815005A9A67 /* RecipeDetailView.storyboard in Resources */,
				D9DC10091E67D59200CF4633 /* Assets.xcassets in Resources */,
				4E1276EA1E80A774005A9A67 /* CategoryView.storyboard in Resources */,
				D9DC10071E67D59200CF4633 /* Main.storyboard in Resources */,
			);
			runOnlyForDeploymentPostprocessing = 0;
		};
/* End PBXResourcesBuildPhase section */

/* Begin PBXShellScriptBuildPhase section */
		285CFC5C2D712F02952D0404 /* [CP] Embed Pods Frameworks */ = {
			isa = PBXShellScriptBuildPhase;
			buildActionMask = 2147483647;
			files = (
			);
			inputPaths = (
			);
			name = "[CP] Embed Pods Frameworks";
			outputPaths = (
			);
			runOnlyForDeploymentPostprocessing = 0;
			shellPath = /bin/sh;
			shellScript = "\"${SRCROOT}/Pods/Target Support Files/Pods-FurryAdventure/Pods-FurryAdventure-frameworks.sh\"\n";
			showEnvVarsInLog = 0;
		};
		D2D852B419B00EE0C2310F26 /* [CP] Check Pods Manifest.lock */ = {
			isa = PBXShellScriptBuildPhase;
			buildActionMask = 2147483647;
			files = (
			);
			inputPaths = (
			);
			name = "[CP] Check Pods Manifest.lock";
			outputPaths = (
			);
			runOnlyForDeploymentPostprocessing = 0;
			shellPath = /bin/sh;
			shellScript = "diff \"${PODS_ROOT}/../Podfile.lock\" \"${PODS_ROOT}/Manifest.lock\" > /dev/null\nif [ $? != 0 ] ; then\n    # print error to STDERR\n    echo \"error: The sandbox is not in sync with the Podfile.lock. Run 'pod install' or update your CocoaPods installation.\" >&2\n    exit 1\nfi\n";
			showEnvVarsInLog = 0;
		};
		F03A5BC9C8947FFA2E1807FA /* [CP] Copy Pods Resources */ = {
			isa = PBXShellScriptBuildPhase;
			buildActionMask = 2147483647;
			files = (
			);
			inputPaths = (
			);
			name = "[CP] Copy Pods Resources";
			outputPaths = (
			);
			runOnlyForDeploymentPostprocessing = 0;
			shellPath = /bin/sh;
			shellScript = "\"${SRCROOT}/Pods/Target Support Files/Pods-FurryAdventure/Pods-FurryAdventure-resources.sh\"\n";
			showEnvVarsInLog = 0;
		};
/* End PBXShellScriptBuildPhase section */

/* Begin PBXSourcesBuildPhase section */
		D9DC0FFA1E67D59100CF4633 /* Sources */ = {
			isa = PBXSourcesBuildPhase;
			buildActionMask = 2147483647;
			files = (
				D9DC10041E67D59200CF4633 /* ViewController.swift in Sources */,
				4E122B271E8A0474001D276E /* AddIngredientsCollectionCell.swift in Sources */,
				4E1276FC1E80A8C4005A9A67 /* RecipeSearchVC.swift in Sources */,
				D9C3D8901E862BF300BB1A8F /* RecipeApiClient.swift in Sources */,
				D9DC10021E67D59200CF4633 /* AppDelegate.swift in Sources */,
				4E1276FE1E80A8D5005A9A67 /* RecipeDetailVC.swift in Sources */,
				4E1276FA1E80A8B3005A9A67 /* CartVC.swift in Sources */,
				4E122B291E8B0A0E001D276E /* Constants.swift in Sources */,
				D9A4CAAA1E89D2B8007CA88C /* SpoonacularApiClient.swift in Sources */,
				4E1276F81E80A8A2005A9A67 /* IngredientSearchVC.swift in Sources */,
				4E1276F61E80A882005A9A67 /* CategoryVC.swift in Sources */,
				D9A4CAA81E89D07D007CA88C /* Ingredient.swift in Sources */,
				4996478B1E9F1E990035477A /* FilterViewController.swift in Sources */,
				4E1276F41E80A866005A9A67 /* AddIngredientsVC.swift in Sources */,
				D9A4CAA61E89CBC1007CA88C /* YummlyApiClient.swift in Sources */,
				D9A4CAAC1E89DDA4007CA88C /* EdamamApiClient.swift in Sources */,
				4ED4CFF31E8EEA7C00DF049D /* RecipeSearchTableViewCell.swift in Sources */,
				D9C3D8941E862C7400BB1A8F /* Recipe.swift in Sources */,
			);
			runOnlyForDeploymentPostprocessing = 0;
		};
/* End PBXSourcesBuildPhase section */

/* Begin PBXVariantGroup section */
		D9DC10051E67D59200CF4633 /* Main.storyboard */ = {
			isa = PBXVariantGroup;
			children = (
				D9DC10061E67D59200CF4633 /* Base */,
			);
			name = Main.storyboard;
			path = ..;
			sourceTree = "<group>";
		};
		D9DC100A1E67D59200CF4633 /* LaunchScreen.storyboard */ = {
			isa = PBXVariantGroup;
			children = (
				D9DC100B1E67D59200CF4633 /* Base */,
			);
			name = LaunchScreen.storyboard;
			path = ..;
			sourceTree = "<group>";
		};
/* End PBXVariantGroup section */

/* Begin XCBuildConfiguration section */
		D9DC100E1E67D59200CF4633 /* Debug */ = {
			isa = XCBuildConfiguration;
			buildSettings = {
				ALWAYS_SEARCH_USER_PATHS = NO;
				CLANG_ANALYZER_NONNULL = YES;
				CLANG_CXX_LANGUAGE_STANDARD = "gnu++0x";
				CLANG_CXX_LIBRARY = "libc++";
				CLANG_ENABLE_MODULES = YES;
				CLANG_ENABLE_OBJC_ARC = YES;
				CLANG_WARN_BOOL_CONVERSION = YES;
				CLANG_WARN_CONSTANT_CONVERSION = YES;
				CLANG_WARN_DIRECT_OBJC_ISA_USAGE = YES_ERROR;
				CLANG_WARN_DOCUMENTATION_COMMENTS = YES;
				CLANG_WARN_EMPTY_BODY = YES;
				CLANG_WARN_ENUM_CONVERSION = YES;
				CLANG_WARN_INFINITE_RECURSION = YES;
				CLANG_WARN_INT_CONVERSION = YES;
				CLANG_WARN_OBJC_ROOT_CLASS = YES_ERROR;
				CLANG_WARN_SUSPICIOUS_MOVE = YES;
				CLANG_WARN_UNREACHABLE_CODE = YES;
				CLANG_WARN__DUPLICATE_METHOD_MATCH = YES;
				"CODE_SIGN_IDENTITY[sdk=iphoneos*]" = "iPhone Developer";
				COPY_PHASE_STRIP = NO;
				DEBUG_INFORMATION_FORMAT = dwarf;
				ENABLE_STRICT_OBJC_MSGSEND = YES;
				ENABLE_TESTABILITY = YES;
				GCC_C_LANGUAGE_STANDARD = gnu99;
				GCC_DYNAMIC_NO_PIC = NO;
				GCC_NO_COMMON_BLOCKS = YES;
				GCC_OPTIMIZATION_LEVEL = 0;
				GCC_PREPROCESSOR_DEFINITIONS = (
					"DEBUG=1",
					"$(inherited)",
				);
				GCC_WARN_64_TO_32_BIT_CONVERSION = YES;
				GCC_WARN_ABOUT_RETURN_TYPE = YES_ERROR;
				GCC_WARN_UNDECLARED_SELECTOR = YES;
				GCC_WARN_UNINITIALIZED_AUTOS = YES_AGGRESSIVE;
				GCC_WARN_UNUSED_FUNCTION = YES;
				GCC_WARN_UNUSED_VARIABLE = YES;
				IPHONEOS_DEPLOYMENT_TARGET = 10.2;
				MTL_ENABLE_DEBUG_INFO = YES;
				ONLY_ACTIVE_ARCH = YES;
				SDKROOT = iphoneos;
				SWIFT_ACTIVE_COMPILATION_CONDITIONS = DEBUG;
				SWIFT_OPTIMIZATION_LEVEL = "-Onone";
			};
			name = Debug;
		};
		D9DC100F1E67D59200CF4633 /* Release */ = {
			isa = XCBuildConfiguration;
			buildSettings = {
				ALWAYS_SEARCH_USER_PATHS = NO;
				CLANG_ANALYZER_NONNULL = YES;
				CLANG_CXX_LANGUAGE_STANDARD = "gnu++0x";
				CLANG_CXX_LIBRARY = "libc++";
				CLANG_ENABLE_MODULES = YES;
				CLANG_ENABLE_OBJC_ARC = YES;
				CLANG_WARN_BOOL_CONVERSION = YES;
				CLANG_WARN_CONSTANT_CONVERSION = YES;
				CLANG_WARN_DIRECT_OBJC_ISA_USAGE = YES_ERROR;
				CLANG_WARN_DOCUMENTATION_COMMENTS = YES;
				CLANG_WARN_EMPTY_BODY = YES;
				CLANG_WARN_ENUM_CONVERSION = YES;
				CLANG_WARN_INFINITE_RECURSION = YES;
				CLANG_WARN_INT_CONVERSION = YES;
				CLANG_WARN_OBJC_ROOT_CLASS = YES_ERROR;
				CLANG_WARN_SUSPICIOUS_MOVE = YES;
				CLANG_WARN_UNREACHABLE_CODE = YES;
				CLANG_WARN__DUPLICATE_METHOD_MATCH = YES;
				"CODE_SIGN_IDENTITY[sdk=iphoneos*]" = "iPhone Developer";
				COPY_PHASE_STRIP = NO;
				DEBUG_INFORMATION_FORMAT = "dwarf-with-dsym";
				ENABLE_NS_ASSERTIONS = NO;
				ENABLE_STRICT_OBJC_MSGSEND = YES;
				GCC_C_LANGUAGE_STANDARD = gnu99;
				GCC_NO_COMMON_BLOCKS = YES;
				GCC_WARN_64_TO_32_BIT_CONVERSION = YES;
				GCC_WARN_ABOUT_RETURN_TYPE = YES_ERROR;
				GCC_WARN_UNDECLARED_SELECTOR = YES;
				GCC_WARN_UNINITIALIZED_AUTOS = YES_AGGRESSIVE;
				GCC_WARN_UNUSED_FUNCTION = YES;
				GCC_WARN_UNUSED_VARIABLE = YES;
				IPHONEOS_DEPLOYMENT_TARGET = 10.2;
				MTL_ENABLE_DEBUG_INFO = NO;
				SDKROOT = iphoneos;
				SWIFT_OPTIMIZATION_LEVEL = "-Owholemodule";
				VALIDATE_PRODUCT = YES;
			};
			name = Release;
		};
		D9DC10111E67D59200CF4633 /* Debug */ = {
			isa = XCBuildConfiguration;
			baseConfigurationReference = A2784261E27640CDB0F78BE0 /* Pods-FurryAdventure.debug.xcconfig */;
			buildSettings = {
				ASSETCATALOG_COMPILER_APPICON_NAME = AppIcon;
				ASSETCATALOG_COMPILER_LAUNCHIMAGE_NAME = LaunchImage;
				DEVELOPMENT_TEAM = GX7AQ33259;
				INFOPLIST_FILE = FurryAdventure/Info.plist;
				IPHONEOS_DEPLOYMENT_TARGET = 9.0;
				LD_RUNPATH_SEARCH_PATHS = "$(inherited) @executable_path/Frameworks";
				PRODUCT_BUNDLE_IDENTIFIER = com.stickygerbil.FurryAdventure;
				PRODUCT_NAME = "$(TARGET_NAME)";
				SWIFT_VERSION = 3.0;
			};
			name = Debug;
		};
		D9DC10121E67D59200CF4633 /* Release */ = {
			isa = XCBuildConfiguration;
			baseConfigurationReference = BA60C853208D31F52991CCFF /* Pods-FurryAdventure.release.xcconfig */;
			buildSettings = {
				ASSETCATALOG_COMPILER_APPICON_NAME = AppIcon;
				ASSETCATALOG_COMPILER_LAUNCHIMAGE_NAME = LaunchImage;
				DEVELOPMENT_TEAM = GX7AQ33259;
				INFOPLIST_FILE = FurryAdventure/Info.plist;
				IPHONEOS_DEPLOYMENT_TARGET = 9.0;
				LD_RUNPATH_SEARCH_PATHS = "$(inherited) @executable_path/Frameworks";
				PRODUCT_BUNDLE_IDENTIFIER = com.stickygerbil.FurryAdventure;
				PRODUCT_NAME = "$(TARGET_NAME)";
				SWIFT_VERSION = 3.0;
			};
			name = Release;
		};
/* End XCBuildConfiguration section */

/* Begin XCConfigurationList section */
		D9DC0FF91E67D59100CF4633 /* Build configuration list for PBXProject "FurryAdventure" */ = {
			isa = XCConfigurationList;
			buildConfigurations = (
				D9DC100E1E67D59200CF4633 /* Debug */,
				D9DC100F1E67D59200CF4633 /* Release */,
			);
			defaultConfigurationIsVisible = 0;
			defaultConfigurationName = Release;
		};
		D9DC10101E67D59200CF4633 /* Build configuration list for PBXNativeTarget "FurryAdventure" */ = {
			isa = XCConfigurationList;
			buildConfigurations = (
				D9DC10111E67D59200CF4633 /* Debug */,
				D9DC10121E67D59200CF4633 /* Release */,
			);
			defaultConfigurationIsVisible = 0;
			defaultConfigurationName = Release;
		};
/* End XCConfigurationList section */
	};
	rootObject = D9DC0FF61E67D59100CF4633 /* Project object */;
}
